// !$*UTF8*$!
{
	archiveVersion = 1;
	classes = {
	};
	objectVersion = 56;
	objects = {

/* Begin PBXBuildFile section */
		202AE47B2BB5E47C00642416 /* AppsView.swift in Sources */ = {isa = PBXBuildFile; fileRef = 202AE47A2BB5E47C00642416 /* AppsView.swift */; };
		202AE47D2BB5E4D600642416 /* UsersView.swift in Sources */ = {isa = PBXBuildFile; fileRef = 202AE47C2BB5E4D600642416 /* UsersView.swift */; };
		2093C4DF2BB1AE3600B5A430 /* TestyApp.swift in Sources */ = {isa = PBXBuildFile; fileRef = 2093C4DE2BB1AE3600B5A430 /* TestyApp.swift */; };
		2093C4E12BB1AE3600B5A430 /* AppView.swift in Sources */ = {isa = PBXBuildFile; fileRef = 2093C4E02BB1AE3600B5A430 /* AppView.swift */; };
		2093C4E32BB1AE3600B5A430 /* Assets.xcassets in Resources */ = {isa = PBXBuildFile; fileRef = 2093C4E22BB1AE3600B5A430 /* Assets.xcassets */; };
		2093C4E62BB1AE3600B5A430 /* Preview Assets.xcassets in Resources */ = {isa = PBXBuildFile; fileRef = 2093C4E52BB1AE3600B5A430 /* Preview Assets.xcassets */; };
		2093C4F02BB1AE3600B5A430 /* TestyTests.swift in Sources */ = {isa = PBXBuildFile; fileRef = 2093C4EF2BB1AE3600B5A430 /* TestyTests.swift */; };
		20E71DD32BB4B2A100CF45A2 /* ComposableArchitecture in Frameworks */ = {isa = PBXBuildFile; productRef = 20E71DD22BB4B2A100CF45A2 /* ComposableArchitecture */; };
		20E71DD82BB4B5C700CF45A2 /* AppReducer.swift in Sources */ = {isa = PBXBuildFile; fileRef = 20E71DD72BB4B5C700CF45A2 /* AppReducer.swift */; };
		20E71DDA2BB4CB8200CF45A2 /* AppRouter.swift in Sources */ = {isa = PBXBuildFile; fileRef = 20E71DD92BB4CB8200CF45A2 /* AppRouter.swift */; };
		20E71DDD2BB4CC9300CF45A2 /* OverviewReducer.swift in Sources */ = {isa = PBXBuildFile; fileRef = 20E71DDC2BB4CC9300CF45A2 /* OverviewReducer.swift */; };
		20E71DDF2BB4CCE000CF45A2 /* UsersReducer.swift in Sources */ = {isa = PBXBuildFile; fileRef = 20E71DDE2BB4CCE000CF45A2 /* UsersReducer.swift */; };
		20E71DE12BB4CCFC00CF45A2 /* AppsReducer.swift in Sources */ = {isa = PBXBuildFile; fileRef = 20E71DE02BB4CCFC00CF45A2 /* AppsReducer.swift */; };
		20E71DE32BB4D14200CF45A2 /* OverviewView.swift in Sources */ = {isa = PBXBuildFile; fileRef = 20E71DE22BB4D14200CF45A2 /* OverviewView.swift */; };
		20E71DE52BB556AB00CF45A2 /* SettingsReducer.swift in Sources */ = {isa = PBXBuildFile; fileRef = 20E71DE42BB556AB00CF45A2 /* SettingsReducer.swift */; };
		20E71DE72BB557E300CF45A2 /* SettingsView.swift in Sources */ = {isa = PBXBuildFile; fileRef = 20E71DE62BB557E300CF45A2 /* SettingsView.swift */; };
		20FEA8A42BBAB6B500378178 /* Get in Frameworks */ = {isa = PBXBuildFile; productRef = 20FEA8A32BBAB6B500378178 /* Get */; };
		20FEA8A82BBAE51A00378178 /* BaseClientTests.swift in Sources */ = {isa = PBXBuildFile; fileRef = 20FEA8A72BBAE51A00378178 /* BaseClientTests.swift */; };
		20FEA8AB2BBB059700378178 /* UsersClient.swift in Sources */ = {isa = PBXBuildFile; fileRef = 20FEA8AA2BBB059700378178 /* UsersClient.swift */; };
		20FEA8AD2BBB061100378178 /* UsersProtocol.swift in Sources */ = {isa = PBXBuildFile; fileRef = 20FEA8AC2BBB061100378178 /* UsersProtocol.swift */; };
		20FEA8B02BBB065700378178 /* UserResponse.swift in Sources */ = {isa = PBXBuildFile; fileRef = 20FEA8AF2BBB065700378178 /* UserResponse.swift */; };
		20FEA8B32BBB06EC00378178 /* User.swift in Sources */ = {isa = PBXBuildFile; fileRef = 20FEA8B22BBB06EC00378178 /* User.swift */; };
		20FEA8B62BBB099800378178 /* UsersReducerTests.swift in Sources */ = {isa = PBXBuildFile; fileRef = 20FEA8B52BBB099800378178 /* UsersReducerTests.swift */; };
/* End PBXBuildFile section */

/* Begin PBXContainerItemProxy section */
		2093C4EC2BB1AE3600B5A430 /* PBXContainerItemProxy */ = {
			isa = PBXContainerItemProxy;
			containerPortal = 2093C4D32BB1AE3600B5A430 /* Project object */;
			proxyType = 1;
			remoteGlobalIDString = 2093C4DA2BB1AE3600B5A430;
			remoteInfo = Testy;
		};
		2093C4F62BB1AE3600B5A430 /* PBXContainerItemProxy */ = {
			isa = PBXContainerItemProxy;
			containerPortal = 2093C4D32BB1AE3600B5A430 /* Project object */;
			proxyType = 1;
			remoteGlobalIDString = 2093C4DA2BB1AE3600B5A430;
			remoteInfo = Testy;
		};
/* End PBXContainerItemProxy section */

/* Begin PBXFileReference section */
		202AE47A2BB5E47C00642416 /* AppsView.swift */ = {isa = PBXFileReference; lastKnownFileType = sourcecode.swift; path = AppsView.swift; sourceTree = "<group>"; };
		202AE47C2BB5E4D600642416 /* UsersView.swift */ = {isa = PBXFileReference; lastKnownFileType = sourcecode.swift; path = UsersView.swift; sourceTree = "<group>"; };
		2093C4DB2BB1AE3600B5A430 /* Testy.app */ = {isa = PBXFileReference; explicitFileType = wrapper.application; includeInIndex = 0; path = Testy.app; sourceTree = BUILT_PRODUCTS_DIR; };
		2093C4DE2BB1AE3600B5A430 /* TestyApp.swift */ = {isa = PBXFileReference; lastKnownFileType = sourcecode.swift; path = TestyApp.swift; sourceTree = "<group>"; };
		2093C4E02BB1AE3600B5A430 /* AppView.swift */ = {isa = PBXFileReference; lastKnownFileType = sourcecode.swift; path = AppView.swift; sourceTree = "<group>"; };
		2093C4E22BB1AE3600B5A430 /* Assets.xcassets */ = {isa = PBXFileReference; lastKnownFileType = folder.assetcatalog; path = Assets.xcassets; sourceTree = "<group>"; };
		2093C4E52BB1AE3600B5A430 /* Preview Assets.xcassets */ = {isa = PBXFileReference; lastKnownFileType = folder.assetcatalog; path = "Preview Assets.xcassets"; sourceTree = "<group>"; };
		2093C4EB2BB1AE3600B5A430 /* TestyTests.xctest */ = {isa = PBXFileReference; explicitFileType = wrapper.cfbundle; includeInIndex = 0; path = TestyTests.xctest; sourceTree = BUILT_PRODUCTS_DIR; };
		2093C4EF2BB1AE3600B5A430 /* TestyTests.swift */ = {isa = PBXFileReference; lastKnownFileType = sourcecode.swift; path = TestyTests.swift; sourceTree = "<group>"; };
		2093C4F52BB1AE3600B5A430 /* TestyUITests.xctest */ = {isa = PBXFileReference; explicitFileType = wrapper.cfbundle; includeInIndex = 0; path = TestyUITests.xctest; sourceTree = BUILT_PRODUCTS_DIR; };
		20E71DD72BB4B5C700CF45A2 /* AppReducer.swift */ = {isa = PBXFileReference; lastKnownFileType = sourcecode.swift; path = AppReducer.swift; sourceTree = "<group>"; };
		20E71DD92BB4CB8200CF45A2 /* AppRouter.swift */ = {isa = PBXFileReference; lastKnownFileType = sourcecode.swift; path = AppRouter.swift; sourceTree = "<group>"; };
		20E71DDC2BB4CC9300CF45A2 /* OverviewReducer.swift */ = {isa = PBXFileReference; lastKnownFileType = sourcecode.swift; path = OverviewReducer.swift; sourceTree = "<group>"; };
		20E71DDE2BB4CCE000CF45A2 /* UsersReducer.swift */ = {isa = PBXFileReference; lastKnownFileType = sourcecode.swift; path = UsersReducer.swift; sourceTree = "<group>"; };
		20E71DE02BB4CCFC00CF45A2 /* AppsReducer.swift */ = {isa = PBXFileReference; lastKnownFileType = sourcecode.swift; path = AppsReducer.swift; sourceTree = "<group>"; };
		20E71DE22BB4D14200CF45A2 /* OverviewView.swift */ = {isa = PBXFileReference; lastKnownFileType = sourcecode.swift; path = OverviewView.swift; sourceTree = "<group>"; };
		20E71DE42BB556AB00CF45A2 /* SettingsReducer.swift */ = {isa = PBXFileReference; lastKnownFileType = sourcecode.swift; path = SettingsReducer.swift; sourceTree = "<group>"; };
		20E71DE62BB557E300CF45A2 /* SettingsView.swift */ = {isa = PBXFileReference; lastKnownFileType = sourcecode.swift; path = SettingsView.swift; sourceTree = "<group>"; };
		20FEA8A72BBAE51A00378178 /* BaseClientTests.swift */ = {isa = PBXFileReference; lastKnownFileType = sourcecode.swift; path = BaseClientTests.swift; sourceTree = "<group>"; };
		20FEA8AA2BBB059700378178 /* UsersClient.swift */ = {isa = PBXFileReference; lastKnownFileType = sourcecode.swift; path = UsersClient.swift; sourceTree = "<group>"; };
		20FEA8AC2BBB061100378178 /* UsersProtocol.swift */ = {isa = PBXFileReference; lastKnownFileType = sourcecode.swift; path = UsersProtocol.swift; sourceTree = "<group>"; };
		20FEA8AF2BBB065700378178 /* UserResponse.swift */ = {isa = PBXFileReference; lastKnownFileType = sourcecode.swift; path = UserResponse.swift; sourceTree = "<group>"; };
		20FEA8B22BBB06EC00378178 /* User.swift */ = {isa = PBXFileReference; lastKnownFileType = sourcecode.swift; path = User.swift; sourceTree = "<group>"; };
		20FEA8B52BBB099800378178 /* UsersReducerTests.swift */ = {isa = PBXFileReference; lastKnownFileType = sourcecode.swift; path = UsersReducerTests.swift; sourceTree = "<group>"; };
/* End PBXFileReference section */

/* Begin PBXFrameworksBuildPhase section */
		2093C4D82BB1AE3600B5A430 /* Frameworks */ = {
			isa = PBXFrameworksBuildPhase;
			buildActionMask = 2147483647;
			files = (
				20E71DD32BB4B2A100CF45A2 /* ComposableArchitecture in Frameworks */,
				20FEA8A42BBAB6B500378178 /* Get in Frameworks */,
			);
			runOnlyForDeploymentPostprocessing = 0;
		};
		2093C4E82BB1AE3600B5A430 /* Frameworks */ = {
			isa = PBXFrameworksBuildPhase;
			buildActionMask = 2147483647;
			files = (
			);
			runOnlyForDeploymentPostprocessing = 0;
		};
		2093C4F22BB1AE3600B5A430 /* Frameworks */ = {
			isa = PBXFrameworksBuildPhase;
			buildActionMask = 2147483647;
			files = (
			);
			runOnlyForDeploymentPostprocessing = 0;
		};
/* End PBXFrameworksBuildPhase section */

/* Begin PBXGroup section */
		201C28742BB5BF8B00ACB78E /* Overview */ = {
			isa = PBXGroup;
			children = (
				20E71DDC2BB4CC9300CF45A2 /* OverviewReducer.swift */,
				20E71DE22BB4D14200CF45A2 /* OverviewView.swift */,
			);
			path = Overview;
			sourceTree = "<group>";
		};
		201C28752BB5BF9400ACB78E /* Settings */ = {
			isa = PBXGroup;
			children = (
				20E71DE62BB557E300CF45A2 /* SettingsView.swift */,
				20E71DE42BB556AB00CF45A2 /* SettingsReducer.swift */,
			);
			path = Settings;
			sourceTree = "<group>";
		};
		201C28762BB5BFA700ACB78E /* Users */ = {
			isa = PBXGroup;
			children = (
				20FEA8B42BBB085500378178 /* Reducer */,
				20FEA8A92BBB058A00378178 /* Client */,
			);
			path = Users;
			sourceTree = "<group>";
		};
		202AE47E2BB5E50300642416 /* Apps */ = {
			isa = PBXGroup;
			children = (
				20E71DE02BB4CCFC00CF45A2 /* AppsReducer.swift */,
				202AE47A2BB5E47C00642416 /* AppsView.swift */,
			);
			path = Apps;
			sourceTree = "<group>";
		};
		2093C4D22BB1AE3600B5A430 = {
			isa = PBXGroup;
			children = (
				2093C4DD2BB1AE3600B5A430 /* Testy */,
				2093C4EE2BB1AE3600B5A430 /* TestyTests */,
				2093C4DC2BB1AE3600B5A430 /* Products */,
				20E71DD12BB4B2A100CF45A2 /* Frameworks */,
			);
			sourceTree = "<group>";
		};
		2093C4DC2BB1AE3600B5A430 /* Products */ = {
			isa = PBXGroup;
			children = (
				2093C4DB2BB1AE3600B5A430 /* Testy.app */,
				2093C4EB2BB1AE3600B5A430 /* TestyTests.xctest */,
				2093C4F52BB1AE3600B5A430 /* TestyUITests.xctest */,
			);
			name = Products;
			sourceTree = "<group>";
		};
		2093C4DD2BB1AE3600B5A430 /* Testy */ = {
			isa = PBXGroup;
			children = (
				2093C4DE2BB1AE3600B5A430 /* TestyApp.swift */,
				20E71DDB2BB4CC7E00CF45A2 /* Features */,
				20E71DD62BB4B5BA00CF45A2 /* Home */,
				2093C4E22BB1AE3600B5A430 /* Assets.xcassets */,
				2093C4E42BB1AE3600B5A430 /* Preview Content */,
			);
			path = Testy;
			sourceTree = "<group>";
		};
		2093C4E42BB1AE3600B5A430 /* Preview Content */ = {
			isa = PBXGroup;
			children = (
				2093C4E52BB1AE3600B5A430 /* Preview Assets.xcassets */,
			);
			path = "Preview Content";
			sourceTree = "<group>";
		};
		2093C4EE2BB1AE3600B5A430 /* TestyTests */ = {
			isa = PBXGroup;
			children = (
				2093C4EF2BB1AE3600B5A430 /* TestyTests.swift */,
				20FEA8A72BBAE51A00378178 /* BaseClientTests.swift */,
				20FEA8B52BBB099800378178 /* UsersReducerTests.swift */,
			);
			path = TestyTests;
			sourceTree = "<group>";
		};
		20E71DD12BB4B2A100CF45A2 /* Frameworks */ = {
			isa = PBXGroup;
			children = (
			);
			name = Frameworks;
			sourceTree = "<group>";
		};
		20E71DD62BB4B5BA00CF45A2 /* Home */ = {
			isa = PBXGroup;
			children = (
				2093C4E02BB1AE3600B5A430 /* AppView.swift */,
				20E71DD72BB4B5C700CF45A2 /* AppReducer.swift */,
				20E71DD92BB4CB8200CF45A2 /* AppRouter.swift */,
			);
			path = Home;
			sourceTree = "<group>";
		};
		20E71DDB2BB4CC7E00CF45A2 /* Features */ = {
			isa = PBXGroup;
			children = (
				202AE47E2BB5E50300642416 /* Apps */,
				201C28762BB5BFA700ACB78E /* Users */,
				201C28752BB5BF9400ACB78E /* Settings */,
				201C28742BB5BF8B00ACB78E /* Overview */,
			);
			path = Features;
			sourceTree = "<group>";
		};
		20FEA8A92BBB058A00378178 /* Client */ = {
			isa = PBXGroup;
			children = (
				20FEA8AE2BBB064A00378178 /* Responses */,
				20FEA8AA2BBB059700378178 /* UsersClient.swift */,
				20FEA8AC2BBB061100378178 /* UsersProtocol.swift */,
			);
			path = Client;
			sourceTree = "<group>";
		};
		20FEA8AE2BBB064A00378178 /* Responses */ = {
			isa = PBXGroup;
			children = (
				20FEA8AF2BBB065700378178 /* UserResponse.swift */,
			);
			path = Responses;
			sourceTree = "<group>";
		};
		20FEA8B12BBB06E200378178 /* Models */ = {
			isa = PBXGroup;
			children = (
				20FEA8B22BBB06EC00378178 /* User.swift */,
			);
			path = Models;
			sourceTree = "<group>";
		};
		20FEA8B42BBB085500378178 /* Reducer */ = {
			isa = PBXGroup;
			children = (
				20E71DDE2BB4CCE000CF45A2 /* UsersReducer.swift */,
				202AE47C2BB5E4D600642416 /* UsersView.swift */,
				20FEA8B12BBB06E200378178 /* Models */,
			);
			path = Reducer;
			sourceTree = "<group>";
		};
/* End PBXGroup section */

/* Begin PBXNativeTarget section */
		2093C4DA2BB1AE3600B5A430 /* Testy */ = {
			isa = PBXNativeTarget;
			buildConfigurationList = 2093C4FF2BB1AE3600B5A430 /* Build configuration list for PBXNativeTarget "Testy" */;
			buildPhases = (
				2093C4D72BB1AE3600B5A430 /* Sources */,
				2093C4D82BB1AE3600B5A430 /* Frameworks */,
				2093C4D92BB1AE3600B5A430 /* Resources */,
			);
			buildRules = (
			);
			dependencies = (
			);
			name = Testy;
			packageProductDependencies = (
				20E71DD22BB4B2A100CF45A2 /* ComposableArchitecture */,
				20FEA8A32BBAB6B500378178 /* Get */,
			);
			productName = Testy;
			productReference = 2093C4DB2BB1AE3600B5A430 /* Testy.app */;
			productType = "com.apple.product-type.application";
		};
		2093C4EA2BB1AE3600B5A430 /* TestyTests */ = {
			isa = PBXNativeTarget;
			buildConfigurationList = 2093C5022BB1AE3600B5A430 /* Build configuration list for PBXNativeTarget "TestyTests" */;
			buildPhases = (
				2093C4E72BB1AE3600B5A430 /* Sources */,
				2093C4E82BB1AE3600B5A430 /* Frameworks */,
				2093C4E92BB1AE3600B5A430 /* Resources */,
			);
			buildRules = (
			);
			dependencies = (
				2093C4ED2BB1AE3600B5A430 /* PBXTargetDependency */,
			);
			name = TestyTests;
			productName = TestyTests;
			productReference = 2093C4EB2BB1AE3600B5A430 /* TestyTests.xctest */;
			productType = "com.apple.product-type.bundle.unit-test";
		};
		2093C4F42BB1AE3600B5A430 /* TestyUITests */ = {
			isa = PBXNativeTarget;
			buildConfigurationList = 2093C5052BB1AE3600B5A430 /* Build configuration list for PBXNativeTarget "TestyUITests" */;
			buildPhases = (
				2093C4F12BB1AE3600B5A430 /* Sources */,
				2093C4F22BB1AE3600B5A430 /* Frameworks */,
				2093C4F32BB1AE3600B5A430 /* Resources */,
			);
			buildRules = (
			);
			dependencies = (
				2093C4F72BB1AE3600B5A430 /* PBXTargetDependency */,
			);
			name = TestyUITests;
			productName = TestyUITests;
			productReference = 2093C4F52BB1AE3600B5A430 /* TestyUITests.xctest */;
			productType = "com.apple.product-type.bundle.ui-testing";
		};
/* End PBXNativeTarget section */

/* Begin PBXProject section */
		2093C4D32BB1AE3600B5A430 /* Project object */ = {
			isa = PBXProject;
			attributes = {
				BuildIndependentTargetsInParallel = 1;
				LastSwiftUpdateCheck = 1530;
				LastUpgradeCheck = 1530;
				TargetAttributes = {
					2093C4DA2BB1AE3600B5A430 = {
						CreatedOnToolsVersion = 15.3;
					};
					2093C4EA2BB1AE3600B5A430 = {
						CreatedOnToolsVersion = 15.3;
						TestTargetID = 2093C4DA2BB1AE3600B5A430;
					};
					2093C4F42BB1AE3600B5A430 = {
						CreatedOnToolsVersion = 15.3;
						TestTargetID = 2093C4DA2BB1AE3600B5A430;
					};
				};
			};
			buildConfigurationList = 2093C4D62BB1AE3600B5A430 /* Build configuration list for PBXProject "Testy" */;
			compatibilityVersion = "Xcode 14.0";
			developmentRegion = en;
			hasScannedForEncodings = 0;
			knownRegions = (
				en,
				Base,
			);
			mainGroup = 2093C4D22BB1AE3600B5A430;
			packageReferences = (
				20A5884C2BB38A1E005665BD /* XCRemoteSwiftPackageReference "swift-composable-architecture" */,
				20FEA8A22BBAB6A800378178 /* XCRemoteSwiftPackageReference "Get" */,
			);
			productRefGroup = 2093C4DC2BB1AE3600B5A430 /* Products */;
			projectDirPath = "";
			projectRoot = "";
			targets = (
				2093C4DA2BB1AE3600B5A430 /* Testy */,
				2093C4EA2BB1AE3600B5A430 /* TestyTests */,
				2093C4F42BB1AE3600B5A430 /* TestyUITests */,
			);
		};
/* End PBXProject section */

/* Begin PBXResourcesBuildPhase section */
		2093C4D92BB1AE3600B5A430 /* Resources */ = {
			isa = PBXResourcesBuildPhase;
			buildActionMask = 2147483647;
			files = (
				2093C4E62BB1AE3600B5A430 /* Preview Assets.xcassets in Resources */,
				2093C4E32BB1AE3600B5A430 /* Assets.xcassets in Resources */,
			);
			runOnlyForDeploymentPostprocessing = 0;
		};
		2093C4E92BB1AE3600B5A430 /* Resources */ = {
			isa = PBXResourcesBuildPhase;
			buildActionMask = 2147483647;
			files = (
			);
			runOnlyForDeploymentPostprocessing = 0;
		};
		2093C4F32BB1AE3600B5A430 /* Resources */ = {
			isa = PBXResourcesBuildPhase;
			buildActionMask = 2147483647;
			files = (
			);
			runOnlyForDeploymentPostprocessing = 0;
		};
/* End PBXResourcesBuildPhase section */

/* Begin PBXSourcesBuildPhase section */
		2093C4D72BB1AE3600B5A430 /* Sources */ = {
			isa = PBXSourcesBuildPhase;
			buildActionMask = 2147483647;
			files = (
				20E71DDD2BB4CC9300CF45A2 /* OverviewReducer.swift in Sources */,
				2093C4E12BB1AE3600B5A430 /* AppView.swift in Sources */,
				20E71DDA2BB4CB8200CF45A2 /* AppRouter.swift in Sources */,
				20E71DE12BB4CCFC00CF45A2 /* AppsReducer.swift in Sources */,
				2093C4DF2BB1AE3600B5A430 /* TestyApp.swift in Sources */,
				20E71DE72BB557E300CF45A2 /* SettingsView.swift in Sources */,
				20FEA8AD2BBB061100378178 /* UsersProtocol.swift in Sources */,
				20E71DDF2BB4CCE000CF45A2 /* UsersReducer.swift in Sources */,
				20E71DE52BB556AB00CF45A2 /* SettingsReducer.swift in Sources */,
				20E71DD82BB4B5C700CF45A2 /* AppReducer.swift in Sources */,
				202AE47B2BB5E47C00642416 /* AppsView.swift in Sources */,
				20FEA8AB2BBB059700378178 /* UsersClient.swift in Sources */,
				20FEA8B32BBB06EC00378178 /* User.swift in Sources */,
				20E71DE32BB4D14200CF45A2 /* OverviewView.swift in Sources */,
				202AE47D2BB5E4D600642416 /* UsersView.swift in Sources */,
				20FEA8B02BBB065700378178 /* UserResponse.swift in Sources */,
			);
			runOnlyForDeploymentPostprocessing = 0;
		};
		2093C4E72BB1AE3600B5A430 /* Sources */ = {
			isa = PBXSourcesBuildPhase;
			buildActionMask = 2147483647;
			files = (
				2093C4F02BB1AE3600B5A430 /* TestyTests.swift in Sources */,
				20FEA8A82BBAE51A00378178 /* BaseClientTests.swift in Sources */,
				20FEA8B62BBB099800378178 /* UsersReducerTests.swift in Sources */,
			);
			runOnlyForDeploymentPostprocessing = 0;
		};
		2093C4F12BB1AE3600B5A430 /* Sources */ = {
			isa = PBXSourcesBuildPhase;
			buildActionMask = 2147483647;
			files = (
			);
			runOnlyForDeploymentPostprocessing = 0;
		};
/* End PBXSourcesBuildPhase section */

/* Begin PBXTargetDependency section */
		2093C4ED2BB1AE3600B5A430 /* PBXTargetDependency */ = {
			isa = PBXTargetDependency;
			target = 2093C4DA2BB1AE3600B5A430 /* Testy */;
			targetProxy = 2093C4EC2BB1AE3600B5A430 /* PBXContainerItemProxy */;
		};
		2093C4F72BB1AE3600B5A430 /* PBXTargetDependency */ = {
			isa = PBXTargetDependency;
			target = 2093C4DA2BB1AE3600B5A430 /* Testy */;
			targetProxy = 2093C4F62BB1AE3600B5A430 /* PBXContainerItemProxy */;
		};
/* End PBXTargetDependency section */

/* Begin XCBuildConfiguration section */
		2093C4FD2BB1AE3600B5A430 /* Debug */ = {
			isa = XCBuildConfiguration;
			buildSettings = {
				ALWAYS_SEARCH_USER_PATHS = NO;
				ASSETCATALOG_COMPILER_GENERATE_SWIFT_ASSET_SYMBOL_EXTENSIONS = YES;
				CLANG_ANALYZER_NONNULL = YES;
				CLANG_ANALYZER_NUMBER_OBJECT_CONVERSION = YES_AGGRESSIVE;
				CLANG_CXX_LANGUAGE_STANDARD = "gnu++20";
				CLANG_ENABLE_MODULES = YES;
				CLANG_ENABLE_OBJC_ARC = YES;
				CLANG_ENABLE_OBJC_WEAK = YES;
				CLANG_WARN_BLOCK_CAPTURE_AUTORELEASING = YES;
				CLANG_WARN_BOOL_CONVERSION = YES;
				CLANG_WARN_COMMA = YES;
				CLANG_WARN_CONSTANT_CONVERSION = YES;
				CLANG_WARN_DEPRECATED_OBJC_IMPLEMENTATIONS = YES;
				CLANG_WARN_DIRECT_OBJC_ISA_USAGE = YES_ERROR;
				CLANG_WARN_DOCUMENTATION_COMMENTS = YES;
				CLANG_WARN_EMPTY_BODY = YES;
				CLANG_WARN_ENUM_CONVERSION = YES;
				CLANG_WARN_INFINITE_RECURSION = YES;
				CLANG_WARN_INT_CONVERSION = YES;
				CLANG_WARN_NON_LITERAL_NULL_CONVERSION = YES;
				CLANG_WARN_OBJC_IMPLICIT_RETAIN_SELF = YES;
				CLANG_WARN_OBJC_LITERAL_CONVERSION = YES;
				CLANG_WARN_OBJC_ROOT_CLASS = YES_ERROR;
				CLANG_WARN_QUOTED_INCLUDE_IN_FRAMEWORK_HEADER = YES;
				CLANG_WARN_RANGE_LOOP_ANALYSIS = YES;
				CLANG_WARN_STRICT_PROTOTYPES = YES;
				CLANG_WARN_SUSPICIOUS_MOVE = YES;
				CLANG_WARN_UNGUARDED_AVAILABILITY = YES_AGGRESSIVE;
				CLANG_WARN_UNREACHABLE_CODE = YES;
				CLANG_WARN__DUPLICATE_METHOD_MATCH = YES;
				COPY_PHASE_STRIP = NO;
				DEBUG_INFORMATION_FORMAT = dwarf;
				ENABLE_STRICT_OBJC_MSGSEND = YES;
				ENABLE_TESTABILITY = YES;
				ENABLE_USER_SCRIPT_SANDBOXING = YES;
				GCC_C_LANGUAGE_STANDARD = gnu17;
				GCC_DYNAMIC_NO_PIC = NO;
				GCC_NO_COMMON_BLOCKS = YES;
				GCC_OPTIMIZATION_LEVEL = 0;
				GCC_PREPROCESSOR_DEFINITIONS = (
					"DEBUG=1",
					"$(inherited)",
				);
				GCC_WARN_64_TO_32_BIT_CONVERSION = YES;
				GCC_WARN_ABOUT_RETURN_TYPE = YES_ERROR;
				GCC_WARN_UNDECLARED_SELECTOR = YES;
				GCC_WARN_UNINITIALIZED_AUTOS = YES_AGGRESSIVE;
				GCC_WARN_UNUSED_FUNCTION = YES;
				GCC_WARN_UNUSED_VARIABLE = YES;
				IPHONEOS_DEPLOYMENT_TARGET = 17.4;
				LOCALIZATION_PREFERS_STRING_CATALOGS = YES;
				MTL_ENABLE_DEBUG_INFO = INCLUDE_SOURCE;
				MTL_FAST_MATH = YES;
				ONLY_ACTIVE_ARCH = YES;
				SDKROOT = iphoneos;
				SWIFT_ACTIVE_COMPILATION_CONDITIONS = "DEBUG $(inherited)";
				SWIFT_OPTIMIZATION_LEVEL = "-Onone";
			};
			name = Debug;
		};
		2093C4FE2BB1AE3600B5A430 /* Release */ = {
			isa = XCBuildConfiguration;
			buildSettings = {
				ALWAYS_SEARCH_USER_PATHS = NO;
				ASSETCATALOG_COMPILER_GENERATE_SWIFT_ASSET_SYMBOL_EXTENSIONS = YES;
				CLANG_ANALYZER_NONNULL = YES;
				CLANG_ANALYZER_NUMBER_OBJECT_CONVERSION = YES_AGGRESSIVE;
				CLANG_CXX_LANGUAGE_STANDARD = "gnu++20";
				CLANG_ENABLE_MODULES = YES;
				CLANG_ENABLE_OBJC_ARC = YES;
				CLANG_ENABLE_OBJC_WEAK = YES;
				CLANG_WARN_BLOCK_CAPTURE_AUTORELEASING = YES;
				CLANG_WARN_BOOL_CONVERSION = YES;
				CLANG_WARN_COMMA = YES;
				CLANG_WARN_CONSTANT_CONVERSION = YES;
				CLANG_WARN_DEPRECATED_OBJC_IMPLEMENTATIONS = YES;
				CLANG_WARN_DIRECT_OBJC_ISA_USAGE = YES_ERROR;
				CLANG_WARN_DOCUMENTATION_COMMENTS = YES;
				CLANG_WARN_EMPTY_BODY = YES;
				CLANG_WARN_ENUM_CONVERSION = YES;
				CLANG_WARN_INFINITE_RECURSION = YES;
				CLANG_WARN_INT_CONVERSION = YES;
				CLANG_WARN_NON_LITERAL_NULL_CONVERSION = YES;
				CLANG_WARN_OBJC_IMPLICIT_RETAIN_SELF = YES;
				CLANG_WARN_OBJC_LITERAL_CONVERSION = YES;
				CLANG_WARN_OBJC_ROOT_CLASS = YES_ERROR;
				CLANG_WARN_QUOTED_INCLUDE_IN_FRAMEWORK_HEADER = YES;
				CLANG_WARN_RANGE_LOOP_ANALYSIS = YES;
				CLANG_WARN_STRICT_PROTOTYPES = YES;
				CLANG_WARN_SUSPICIOUS_MOVE = YES;
				CLANG_WARN_UNGUARDED_AVAILABILITY = YES_AGGRESSIVE;
				CLANG_WARN_UNREACHABLE_CODE = YES;
				CLANG_WARN__DUPLICATE_METHOD_MATCH = YES;
				COPY_PHASE_STRIP = NO;
				DEBUG_INFORMATION_FORMAT = "dwarf-with-dsym";
				ENABLE_NS_ASSERTIONS = NO;
				ENABLE_STRICT_OBJC_MSGSEND = YES;
				ENABLE_USER_SCRIPT_SANDBOXING = YES;
				GCC_C_LANGUAGE_STANDARD = gnu17;
				GCC_NO_COMMON_BLOCKS = YES;
				GCC_WARN_64_TO_32_BIT_CONVERSION = YES;
				GCC_WARN_ABOUT_RETURN_TYPE = YES_ERROR;
				GCC_WARN_UNDECLARED_SELECTOR = YES;
				GCC_WARN_UNINITIALIZED_AUTOS = YES_AGGRESSIVE;
				GCC_WARN_UNUSED_FUNCTION = YES;
				GCC_WARN_UNUSED_VARIABLE = YES;
				IPHONEOS_DEPLOYMENT_TARGET = 17.4;
				LOCALIZATION_PREFERS_STRING_CATALOGS = YES;
				MTL_ENABLE_DEBUG_INFO = NO;
				MTL_FAST_MATH = YES;
				SDKROOT = iphoneos;
				SWIFT_COMPILATION_MODE = wholemodule;
				VALIDATE_PRODUCT = YES;
			};
			name = Release;
		};
		2093C5002BB1AE3600B5A430 /* Debug */ = {
			isa = XCBuildConfiguration;
			buildSettings = {
				ASSETCATALOG_COMPILER_APPICON_NAME = AppIcon;
				ASSETCATALOG_COMPILER_GLOBAL_ACCENT_COLOR_NAME = AccentColor;
				CODE_SIGN_STYLE = Automatic;
				CURRENT_PROJECT_VERSION = 1;
				DEVELOPMENT_ASSET_PATHS = "\"Testy/Preview Content\"";
				ENABLE_PREVIEWS = YES;
				GENERATE_INFOPLIST_FILE = YES;
				INFOPLIST_KEY_UIApplicationSceneManifest_Generation = YES;
				INFOPLIST_KEY_UIApplicationSupportsIndirectInputEvents = YES;
				INFOPLIST_KEY_UILaunchScreen_Generation = YES;
				INFOPLIST_KEY_UISupportedInterfaceOrientations_iPad = "UIInterfaceOrientationPortrait UIInterfaceOrientationPortraitUpsideDown UIInterfaceOrientationLandscapeLeft UIInterfaceOrientationLandscapeRight";
				INFOPLIST_KEY_UISupportedInterfaceOrientations_iPhone = "UIInterfaceOrientationPortrait UIInterfaceOrientationLandscapeLeft UIInterfaceOrientationLandscapeRight";
				LD_RUNPATH_SEARCH_PATHS = (
					"$(inherited)",
					"@executable_path/Frameworks",
				);
				MARKETING_VERSION = 1.0;
				PRODUCT_BUNDLE_IDENTIFIER = dev.etino.Testy;
				PRODUCT_NAME = "$(TARGET_NAME)";
				SUPPORTED_PLATFORMS = "iphoneos iphonesimulator";
				SUPPORTS_MACCATALYST = NO;
				SUPPORTS_XR_DESIGNED_FOR_IPHONE_IPAD = NO;
				SWIFT_EMIT_LOC_STRINGS = YES;
				SWIFT_VERSION = 5.0;
				TARGETED_DEVICE_FAMILY = "1,2";
			};
			name = Debug;
		};
		2093C5012BB1AE3600B5A430 /* Release */ = {
			isa = XCBuildConfiguration;
			buildSettings = {
				ASSETCATALOG_COMPILER_APPICON_NAME = AppIcon;
				ASSETCATALOG_COMPILER_GLOBAL_ACCENT_COLOR_NAME = AccentColor;
				CODE_SIGN_STYLE = Automatic;
				CURRENT_PROJECT_VERSION = 1;
				DEVELOPMENT_ASSET_PATHS = "\"Testy/Preview Content\"";
				ENABLE_PREVIEWS = YES;
				GENERATE_INFOPLIST_FILE = YES;
				INFOPLIST_KEY_UIApplicationSceneManifest_Generation = YES;
				INFOPLIST_KEY_UIApplicationSupportsIndirectInputEvents = YES;
				INFOPLIST_KEY_UILaunchScreen_Generation = YES;
				INFOPLIST_KEY_UISupportedInterfaceOrientations_iPad = "UIInterfaceOrientationPortrait UIInterfaceOrientationPortraitUpsideDown UIInterfaceOrientationLandscapeLeft UIInterfaceOrientationLandscapeRight";
				INFOPLIST_KEY_UISupportedInterfaceOrientations_iPhone = "UIInterfaceOrientationPortrait UIInterfaceOrientationLandscapeLeft UIInterfaceOrientationLandscapeRight";
				LD_RUNPATH_SEARCH_PATHS = (
					"$(inherited)",
					"@executable_path/Frameworks",
				);
				MARKETING_VERSION = 1.0;
				PRODUCT_BUNDLE_IDENTIFIER = dev.etino.Testy;
				PRODUCT_NAME = "$(TARGET_NAME)";
				SUPPORTED_PLATFORMS = "iphoneos iphonesimulator";
				SUPPORTS_MACCATALYST = NO;
				SUPPORTS_XR_DESIGNED_FOR_IPHONE_IPAD = NO;
				SWIFT_EMIT_LOC_STRINGS = YES;
				SWIFT_VERSION = 5.0;
				TARGETED_DEVICE_FAMILY = "1,2";
			};
			name = Release;
		};
		2093C5032BB1AE3600B5A430 /* Debug */ = {
			isa = XCBuildConfiguration;
			buildSettings = {
				ALWAYS_EMBED_SWIFT_STANDARD_LIBRARIES = YES;
				BUNDLE_LOADER = "$(TEST_HOST)";
				CODE_SIGN_STYLE = Automatic;
				CURRENT_PROJECT_VERSION = 1;
				GENERATE_INFOPLIST_FILE = YES;
				IPHONEOS_DEPLOYMENT_TARGET = 17.4;
				MARKETING_VERSION = 1.0;
				PRODUCT_BUNDLE_IDENTIFIER = dev.etino.TestyTests;
				PRODUCT_NAME = "$(TARGET_NAME)";
				SWIFT_EMIT_LOC_STRINGS = NO;
				SWIFT_VERSION = 5.0;
				TARGETED_DEVICE_FAMILY = "1,2";
				TEST_HOST = "$(BUILT_PRODUCTS_DIR)/Testy.app/$(BUNDLE_EXECUTABLE_FOLDER_PATH)/Testy";
			};
			name = Debug;
		};
		2093C5042BB1AE3600B5A430 /* Release */ = {
			isa = XCBuildConfiguration;
			buildSettings = {
				ALWAYS_EMBED_SWIFT_STANDARD_LIBRARIES = YES;
				BUNDLE_LOADER = "$(TEST_HOST)";
				CODE_SIGN_STYLE = Automatic;
				CURRENT_PROJECT_VERSION = 1;
				GENERATE_INFOPLIST_FILE = YES;
				IPHONEOS_DEPLOYMENT_TARGET = 17.4;
				MARKETING_VERSION = 1.0;
				PRODUCT_BUNDLE_IDENTIFIER = dev.etino.TestyTests;
				PRODUCT_NAME = "$(TARGET_NAME)";
				SWIFT_EMIT_LOC_STRINGS = NO;
				SWIFT_VERSION = 5.0;
				TARGETED_DEVICE_FAMILY = "1,2";
				TEST_HOST = "$(BUILT_PRODUCTS_DIR)/Testy.app/$(BUNDLE_EXECUTABLE_FOLDER_PATH)/Testy";
			};
			name = Release;
		};
		2093C5062BB1AE3600B5A430 /* Debug */ = {
			isa = XCBuildConfiguration;
			buildSettings = {
				ALWAYS_EMBED_SWIFT_STANDARD_LIBRARIES = YES;
				CODE_SIGN_STYLE = Automatic;
				CURRENT_PROJECT_VERSION = 1;
				GENERATE_INFOPLIST_FILE = YES;
				MARKETING_VERSION = 1.0;
				PRODUCT_BUNDLE_IDENTIFIER = dev.etino.TestyUITests;
				PRODUCT_NAME = "$(TARGET_NAME)";
				SUPPORTED_PLATFORMS = "iphoneos iphonesimulator";
				SUPPORTS_MACCATALYST = NO;
				SUPPORTS_XR_DESIGNED_FOR_IPHONE_IPAD = NO;
				SWIFT_EMIT_LOC_STRINGS = NO;
				SWIFT_VERSION = 5.0;
				TARGETED_DEVICE_FAMILY = 1;
				TEST_TARGET_NAME = Testy;
			};
			name = Debug;
		};
		2093C5072BB1AE3600B5A430 /* Release */ = {
			isa = XCBuildConfiguration;
			buildSettings = {
				ALWAYS_EMBED_SWIFT_STANDARD_LIBRARIES = YES;
				CODE_SIGN_STYLE = Automatic;
				CURRENT_PROJECT_VERSION = 1;
				GENERATE_INFOPLIST_FILE = YES;
				MARKETING_VERSION = 1.0;
				PRODUCT_BUNDLE_IDENTIFIER = dev.etino.TestyUITests;
				PRODUCT_NAME = "$(TARGET_NAME)";
				SUPPORTED_PLATFORMS = "iphoneos iphonesimulator";
				SUPPORTS_MACCATALYST = NO;
				SUPPORTS_XR_DESIGNED_FOR_IPHONE_IPAD = NO;
				SWIFT_EMIT_LOC_STRINGS = NO;
				SWIFT_VERSION = 5.0;
				TARGETED_DEVICE_FAMILY = 1;
				TEST_TARGET_NAME = Testy;
			};
			name = Release;
		};
/* End XCBuildConfiguration section */

/* Begin XCConfigurationList section */
		2093C4D62BB1AE3600B5A430 /* Build configuration list for PBXProject "Testy" */ = {
			isa = XCConfigurationList;
			buildConfigurations = (
				2093C4FD2BB1AE3600B5A430 /* Debug */,
				2093C4FE2BB1AE3600B5A430 /* Release */,
			);
			defaultConfigurationIsVisible = 0;
			defaultConfigurationName = Release;
		};
		2093C4FF2BB1AE3600B5A430 /* Build configuration list for PBXNativeTarget "Testy" */ = {
			isa = XCConfigurationList;
			buildConfigurations = (
				2093C5002BB1AE3600B5A430 /* Debug */,
				2093C5012BB1AE3600B5A430 /* Release */,
			);
			defaultConfigurationIsVisible = 0;
			defaultConfigurationName = Release;
		};
		2093C5022BB1AE3600B5A430 /* Build configuration list for PBXNativeTarget "TestyTests" */ = {
			isa = XCConfigurationList;
			buildConfigurations = (
				2093C5032BB1AE3600B5A430 /* Debug */,
				2093C5042BB1AE3600B5A430 /* Release */,
			);
			defaultConfigurationIsVisible = 0;
			defaultConfigurationName = Release;
		};
		2093C5052BB1AE3600B5A430 /* Build configuration list for PBXNativeTarget "TestyUITests" */ = {
			isa = XCConfigurationList;
			buildConfigurations = (
				2093C5062BB1AE3600B5A430 /* Debug */,
				2093C5072BB1AE3600B5A430 /* Release */,
			);
			defaultConfigurationIsVisible = 0;
			defaultConfigurationName = Release;
		};
/* End XCConfigurationList section */

/* Begin XCRemoteSwiftPackageReference section */
		20A5884C2BB38A1E005665BD /* XCRemoteSwiftPackageReference "swift-composable-architecture" */ = {
			isa = XCRemoteSwiftPackageReference;
			repositoryURL = "https://github.com/pointfreeco/swift-composable-architecture";
			requirement = {
				kind = upToNextMinorVersion;
				minimumVersion = 1.9.2;
			};
		};
		20FEA8A22BBAB6A800378178 /* XCRemoteSwiftPackageReference "Get" */ = {
			isa = XCRemoteSwiftPackageReference;
			repositoryURL = "https://github.com/kean/Get";
			requirement = {
				kind = upToNextMajorVersion;
				minimumVersion = 2.1.6;
			};
		};
/* End XCRemoteSwiftPackageReference section */

/* Begin XCSwiftPackageProductDependency section */
		20E71DD22BB4B2A100CF45A2 /* ComposableArchitecture */ = {
			isa = XCSwiftPackageProductDependency;
			package = 20A5884C2BB38A1E005665BD /* XCRemoteSwiftPackageReference "swift-composable-architecture" */;
			productName = ComposableArchitecture;
		};
		20FEA8A32BBAB6B500378178 /* Get */ = {
			isa = XCSwiftPackageProductDependency;
			package = 20FEA8A22BBAB6A800378178 /* XCRemoteSwiftPackageReference "Get" */;
			productName = Get;
		};
/* End XCSwiftPackageProductDependency section */
	};
	rootObject = 2093C4D32BB1AE3600B5A430 /* Project object */;
}
